
Microsoft Visual Studio Solution File, Format Version 12.00
# Visual Studio Version 17
VisualStudioVersion = 17.3.32804.467
MinimumVisualStudioVersion = 10.0.40219.1
Project("{9A19103F-16F7-4668-BE54-9A1E7A4F7556}") = "BankAccountKata.Library", "BankAccountKata.Library\BankAccountKata.Library.csproj", "{76BCC9C7-988F-42B4-8C88-11934DA6E89E}"
EndProject
Project("{FAE04EC0-301F-11D3-BF4B-00C04F79EFBC}") = "BankAccountKata.Host", "BankAccountKata.Host\BankAccountKata.Host.csproj", "{5645D1A0-21CC-4CEB-93B2-119BE0F5EF39}"
EndProject
Global
	GlobalSection(SolutionConfigurationPlatforms) = preSolution
		Debug|x64 = Debug|x64
		Release|x64 = Release|x64
	EndGlobalSection
	GlobalSection(ProjectConfigurationPlatforms) = postSolution
		{76BCC9C7-988F-42B4-8C88-11934DA6E89E}.Debug|x64.ActiveCfg = Debug|x64
		{76BCC9C7-988F-42B4-8C88-11934DA6E89E}.Debug|x64.Build.0 = Debug|x64
		{76BCC9C7-988F-42B4-8C88-11934DA6E89E}.Release|x64.ActiveCfg = Release|x64
		{76BCC9C7-988F-42B4-8C88-11934DA6E89E}.Release|x64.Build.0 = Release|x64
		{5645D1A0-21CC-4CEB-93B2-119BE0F5EF39}.Debug|x64.ActiveCfg = Debug|x64
		{5645D1A0-21CC-4CEB-93B2-119BE0F5EF39}.Debug|x64.Build.0 = Debug|x64
		{5645D1A0-21CC-4CEB-93B2-119BE0F5EF39}.Release|x64.ActiveCfg = Release|x64
		{5645D1A0-21CC-4CEB-93B2-119BE0F5EF39}.Release|x64.Build.0 = Release|x64
	EndGlobalSection
	GlobalSection(SolutionProperties) = preSolution
		HideSolutionNode = FALSE
	EndGlobalSection
	GlobalSection(ExtensibilityGlobals) = postSolution
		SolutionGuid = {EB8B59BD-207E-40B6-9A9F-E5E5E7284771}
	EndGlobalSection
EndGlobal
